
Microsoft Visual Studio Solution File, Format Version 12.00
# Visual Studio 15
VisualStudioVersion = 15.0.28307.329
MinimumVisualStudioVersion = 10.0.40219.1
Project("{FAE04EC0-301F-11D3-BF4B-00C04F79EFBC}") = "OpenVR2Key", "OpenVR2Key\OpenVR2Key.csproj", "{752648BE-C543-40AA-98B2-722C886F5944}"
EndProject
Global
	GlobalSection(SolutionConfigurationPlatforms) = preSolution
		Debug|Any CPU = Debug|Any CPU
		Debug|x64 = Debug|x64
		Release|Any CPU = Release|Any CPU
		Release|x64 = Release|x64
	EndGlobalSection
	GlobalSection(ProjectConfigurationPlatforms) = postSolution
		{752648BE-C543-40AA-98B2-722C886F5944}.Debug|Any CPU.ActiveCfg = Debug|Any CPU
		{752648BE-C543-40AA-98B2-722C886F5944}.Debug|Any CPU.Build.0 = Debug|Any CPU
		{752648BE-C543-40AA-98B2-722C886F5944}.Debug|x64.ActiveCfg = Debug|x64
		{752648BE-C543-40AA-98B2-722C886F5944}.Debug|x64.Build.0 = Debug|x64
		{752648BE-C543-40AA-98B2-722C886F5944}.Release|Any CPU.ActiveCfg = Release|Any CPU
		{752648BE-C543-40AA-98B2-722C886F5944}.Release|Any CPU.Build.0 = Release|Any CPU
		{752648BE-C543-40AA-98B2-722C886F5944}.Release|x64.ActiveCfg = Release|x64
		{752648BE-C543-40AA-98B2-722C886F5944}.Release|x64.Build.0 = Release|x64
	EndGlobalSection
	GlobalSection(SolutionProperties) = preSolution
		HideSolutionNode = FALSE
	EndGlobalSection
	GlobalSection(ExtensibilityGlobals) = postSolution
		SolutionGuid = {3207F212-5A47-435E-9726-9CCE4B4C6CEA}
	EndGlobalSection
EndGlobal
